
Microsoft Visual Studio Solution File, Format Version 12.00
# Visual Studio 15
VisualStudioVersion = 15.0.28307.1062
MinimumVisualStudioVersion = 10.0.40219.1
Project("{FAE04EC0-301F-11D3-BF4B-00C04F79EFBC}") = "L_2_struct_tak_8", "L_2_struct_tak_8\L_2_struct_tak_8.csproj", "{F86A2CDA-E941-4FBA-AC86-489E58CAC3C3}"
EndProject
Global
	GlobalSection(SolutionConfigurationPlatforms) = preSolution
		Debug|Any CPU = Debug|Any CPU
		Release|Any CPU = Release|Any CPU
	EndGlobalSection
	GlobalSection(ProjectConfigurationPlatforms) = postSolution
		{F86A2CDA-E941-4FBA-AC86-489E58CAC3C3}.Debug|Any CPU.ActiveCfg = Debug|Any CPU
		{F86A2CDA-E941-4FBA-AC86-489E58CAC3C3}.Debug|Any CPU.Build.0 = Debug|Any CPU
		{F86A2CDA-E941-4FBA-AC86-489E58CAC3C3}.Release|Any CPU.ActiveCfg = Release|Any CPU
		{F86A2CDA-E941-4FBA-AC86-489E58CAC3C3}.Release|Any CPU.Build.0 = Release|Any CPU
	EndGlobalSection
	GlobalSection(SolutionProperties) = preSolution
		HideSolutionNode = FALSE
	EndGlobalSection
	GlobalSection(ExtensibilityGlobals) = postSolution
		SolutionGuid = {EB684D19-E9FB-4C3A-94FB-297CBE52090F}
	EndGlobalSection
EndGlobal
