
Microsoft Visual Studio Solution File, Format Version 12.00
# Visual Studio 15
VisualStudioVersion = 15.0.28307.1062
MinimumVisualStudioVersion = 10.0.40219.1
Project("{FAE04EC0-301F-11D3-BF4B-00C04F79EFBC}") = "L_2_arr_task_7", "L_2_arr_task_7\L_2_arr_task_7.csproj", "{B41BF72A-A3C5-48BF-B315-22CB1A6E1EFB}"
EndProject
Global
	GlobalSection(SolutionConfigurationPlatforms) = preSolution
		Debug|Any CPU = Debug|Any CPU
		Release|Any CPU = Release|Any CPU
	EndGlobalSection
	GlobalSection(ProjectConfigurationPlatforms) = postSolution
		{B41BF72A-A3C5-48BF-B315-22CB1A6E1EFB}.Debug|Any CPU.ActiveCfg = Debug|Any CPU
		{B41BF72A-A3C5-48BF-B315-22CB1A6E1EFB}.Debug|Any CPU.Build.0 = Debug|Any CPU
		{B41BF72A-A3C5-48BF-B315-22CB1A6E1EFB}.Release|Any CPU.ActiveCfg = Release|Any CPU
		{B41BF72A-A3C5-48BF-B315-22CB1A6E1EFB}.Release|Any CPU.Build.0 = Release|Any CPU
	EndGlobalSection
	GlobalSection(SolutionProperties) = preSolution
		HideSolutionNode = FALSE
	EndGlobalSection
	GlobalSection(ExtensibilityGlobals) = postSolution
		SolutionGuid = {3A17B943-E16F-47E5-AAD5-51A4C65FC014}
	EndGlobalSection
EndGlobal
