
Microsoft Visual Studio Solution File, Format Version 12.00
# Visual Studio 15
VisualStudioVersion = 15.0.28307.1062
MinimumVisualStudioVersion = 10.0.40219.1
Project("{FAE04EC0-301F-11D3-BF4B-00C04F79EFBC}") = "task_2", "task_2\task_2.csproj", "{A17E6762-1578-4E87-AE18-519B57E47611}"
EndProject
Global
	GlobalSection(SolutionConfigurationPlatforms) = preSolution
		Debug|Any CPU = Debug|Any CPU
		Release|Any CPU = Release|Any CPU
	EndGlobalSection
	GlobalSection(ProjectConfigurationPlatforms) = postSolution
		{A17E6762-1578-4E87-AE18-519B57E47611}.Debug|Any CPU.ActiveCfg = Debug|Any CPU
		{A17E6762-1578-4E87-AE18-519B57E47611}.Debug|Any CPU.Build.0 = Debug|Any CPU
		{A17E6762-1578-4E87-AE18-519B57E47611}.Release|Any CPU.ActiveCfg = Release|Any CPU
		{A17E6762-1578-4E87-AE18-519B57E47611}.Release|Any CPU.Build.0 = Release|Any CPU
	EndGlobalSection
	GlobalSection(SolutionProperties) = preSolution
		HideSolutionNode = FALSE
	EndGlobalSection
	GlobalSection(ExtensibilityGlobals) = postSolution
		SolutionGuid = {036D8515-A130-4BB5-9894-4030552FFDDA}
	EndGlobalSection
EndGlobal
